# THIS IS AN AUTOGENERATED FILE. DO NOT EDIT THIS FILE DIRECTLY.
# yarn lockfile v1


"@aeternity/aepp-sdk@^3.4.0":
  version "3.4.0"
  resolved "https://registry.yarnpkg.com/@aeternity/aepp-sdk/-/aepp-sdk-3.4.0.tgz#4cb3091234d0e8a5445d8d661c3962e12f9addac"
  integrity sha512-0ryBWy8VFSJKpW/TYKw+Gd9bNgW/MrMLOVq38SJYstAM+0WOL4nV0dmqA6rTgsJPlPH8nc06TXSbWlpqy3uVBw==
  dependencies:
    "@aeternity/bip39" "^0.1.0"
    "@babel/runtime" "^7.0.0-beta.46"
    "@stamp/it" "^1.0.3"
    "@stamp/required" "^1.0.1"
    aes-js "^3.1.1"
    argon2 "^0.19.3"
    axios "^0.18.0"
    bignumber.js "^8.0.1"
    bip32-path "^0.4.2"
    blakejs "^1.1.0"
    bs58check "^2.1.1"
    commander "^2.14.1"
    joi-browser "^13.4.0"
    json-bigint "github:davidyuk/json-bigint"
    libsodium-wrappers-sumo "0.7.3"
    ramda "^0.25.0"
    rlp "2.1.0"
    serialize-javascript "^1.5.0"
    sha.js "^2.4.11"
    tweetnacl "^1.0.0"
    tweetnacl-auth "^1.0.1"
    universal-url "^2.0.0"
    uuid "^3.3.2"
    websocket "^1.0.26"

"@aeternity/bip39@^0.1.0":
  version "0.1.0"
  resolved "https://registry.yarnpkg.com/@aeternity/bip39/-/bip39-0.1.0.tgz#83fccf35a4b27ac1ca9e858d24921e254af8537d"
  integrity sha512-ppRs0WTPpBAFJ2sDxt9eT0risarxeD8ByQO2qFmoAkaeA7galyWkx82AL0G5QrqGPC8DC+0gjc6l6Q8ueuD3hA==
  dependencies:
    create-hash "^1.1.0"
    pbkdf2 "^3.0.9"
    randombytes "^2.0.1"
    safe-buffer "^5.0.1"

"@babel/runtime@^7.0.0-beta.46":
  version "7.4.5"
  resolved "https://registry.yarnpkg.com/@babel/runtime/-/runtime-7.4.5.tgz#582bb531f5f9dc67d2fcb682979894f75e253f12"
  integrity sha512-TuI4qpWZP6lGOGIuGWtp9sPluqYICmbk8T/1vpSysqJxRPkudh/ofFWyqdcMsDf2s7KvDL4/YHgKyvcS3g9CJQ==
  dependencies:
    regenerator-runtime "^0.13.2"

"@phc/format@^0.4.2":
  version "0.4.3"
  resolved "https://registry.yarnpkg.com/@phc/format/-/format-0.4.3.tgz#af4c95db92d040f2ab008def34529acba642a126"
  integrity sha512-UEgVMbufNOVXwTgykJ1v2q6Z2T10bfVjCxV/uYZKDI+14gMemoFOzt+4h1zyqy0QNFShP6QgsU+Sn+lRPYkaYw==
  dependencies:
    safe-buffer "^5.1.2"

"@stamp/compose@^1.0.2":
  version "1.0.2"
  resolved "https://registry.yarnpkg.com/@stamp/compose/-/compose-1.0.2.tgz#030ecf70e8f3dca042a2b34a15d6dc28fb07f9c6"
  integrity sha512-TW1/jTGesxfkFRZUNTgQ9r4Ln6YaIArZmi836o21szc8z+gxrIWrYAtI4r9LfxeD9tnTymAjB1TtvJ19OYFo3Q==
  dependencies:
    "@stamp/core" "^1.0.1"
    "@stamp/is" "^1.0.0"

"@stamp/core@^1.0.1":
  version "1.0.1"
  resolved "https://registry.yarnpkg.com/@stamp/core/-/core-1.0.1.tgz#4573e425db48720db52f78590dfe88a3873ffd98"
  integrity sha512-oZMdU17ZgUJOHHtHXXTb4afmGKpH2kNFfXYpkd3Scs3U+1ygyqFQrpzo/F2qrnEHJOXfvBafyvA/2u4Pdm+R9g==
  dependencies:
    "@stamp/is" "^1.0.0"

"@stamp/is@^1.0.0":
  version "1.0.0"
  resolved "https://registry.yarnpkg.com/@stamp/is/-/is-1.0.0.tgz#edf031a3b43ee1f07e7b74bfbd837c82980eb25a"
  integrity sha1-7fAxo7Q+4fB+e3S/vYN8gpgOslo=

"@stamp/it@^1.0.3":
  version "1.1.0"
  resolved "https://registry.yarnpkg.com/@stamp/it/-/it-1.1.0.tgz#9e8fc2347bb0a830aa24716fff4a22bb24b3cd49"
  integrity sha512-xhNHGQwPwSPm96yHpkU7DGWiKfiqhZueOvqpv8P6U0eWRVgz3bbthf9nGqjyynUmQC8S7Qekfp6IWniPHwivbg==
  dependencies:
    "@stamp/compose" "^1.0.2"
    "@stamp/core" "^1.0.1"
    "@stamp/is" "^1.0.0"
    "@stamp/shortcut" "^1.0.2"

"@stamp/required@^1.0.1":
  version "1.0.1"
  resolved "https://registry.yarnpkg.com/@stamp/required/-/required-1.0.1.tgz#8287dc44a48b7ec693be27685e67b99dc06d48bc"
  integrity sha512-LYeqXjwZ2hti6wscONrketjPNmg8x8Nis2gGQDwnyrMW97Pqv563lt/7ZmreE92dX30p9VQr7dOmN0CFrGVMmQ==
  dependencies:
    "@stamp/compose" "^1.0.2"
    "@stamp/core" "^1.0.1"
    "@stamp/is" "^1.0.0"

"@stamp/shortcut@^1.0.2":
  version "1.0.2"
  resolved "https://registry.yarnpkg.com/@stamp/shortcut/-/shortcut-1.0.2.tgz#31326726329a46ec3b9a0984651d7ddb141976b7"
  integrity sha512-waC10TO4rK/nG3YX717nqQVyVkjaH3f8bu/H0vvtCZJo8805aI5WHTefQei3G5A3vdq3nt8TDfCBqfyWXZZFSg==
  dependencies:
    "@stamp/compose" "^1.0.2"

aes-js@^3.1.1:
  version "3.1.2"
  resolved "https://registry.yarnpkg.com/aes-js/-/aes-js-3.1.2.tgz#db9aabde85d5caabbfc0d4f2a4446960f627146a"
  integrity sha512-e5pEa2kBnBOgR4Y/p20pskXI74UEz7de8ZGVo58asOtvSVG5YAbJeELPZxOmt+Bnz3rX753YKhfIn4X4l1PPRQ==

any-promise@^1.3.0:
  version "1.3.0"
  resolved "https://registry.yarnpkg.com/any-promise/-/any-promise-1.3.0.tgz#abc6afeedcea52e809cdc0376aed3ce39635d17f"
  integrity sha1-q8av7tzqUugJzcA3au0845Y10X8=

argon2@^0.19.3:
  version "0.19.3"
  resolved "https://registry.yarnpkg.com/argon2/-/argon2-0.19.3.tgz#4e59cb3bcf5d1f09ca07b452716334670ef9a0b7"
  integrity sha1-TlnLO89dHwnKB7RScWM0Zw75oLc=
  dependencies:
    "@phc/format" "^0.4.2"
    any-promise "^1.3.0"
    bindings "^1.3.0"
    nan "^2.10.0"

axios@^0.18.0:
  version "0.18.0"
  resolved "https://registry.yarnpkg.com/axios/-/axios-0.18.0.tgz#32d53e4851efdc0a11993b6cd000789d70c05102"
  integrity sha1-MtU+SFHv3AoRmTts0AB4nXDAUQI=
  dependencies:
    follow-redirects "^1.3.0"
    is-buffer "^1.1.5"

base-x@^3.0.2:
  version "3.0.5"
  resolved "https://registry.yarnpkg.com/base-x/-/base-x-3.0.5.tgz#d3ada59afed05b921ab581ec3112e6444ba0795a"
  integrity sha512-C3picSgzPSLE+jW3tcBzJoGwitOtazb5B+5YmAxZm2ybmTi9LNgAtDO/jjVEBZwHoXmDBZ9m/IELj3elJVRBcA==
  dependencies:
    safe-buffer "^5.0.1"

bignumber.js@^8.0.0, bignumber.js@^8.0.1:
  version "8.1.1"
  resolved "https://registry.yarnpkg.com/bignumber.js/-/bignumber.js-8.1.1.tgz#4b072ae5aea9c20f6730e4e5d529df1271c4d885"
  integrity sha512-QD46ppGintwPGuL1KqmwhR0O+N2cZUg8JG/VzwI2e28sM9TqHjQB10lI4QAaMHVbLzwVLLAwEglpKPViWX+5NQ==

bindings@^1.3.0:
  version "1.5.0"
  resolved "https://registry.yarnpkg.com/bindings/-/bindings-1.5.0.tgz#10353c9e945334bc0511a6d90b38fbc7c9c504df"
  integrity sha512-p2q/t/mhvuOj/UeLlV6566GD/guowlr0hHxClI0W9m7MWYkL1F0hLo+0Aexs9HSPCtR1SXQ0TD3MMKrXZajbiQ==
  dependencies:
    file-uri-to-path "1.0.0"

bip32-path@^0.4.2:
  version "0.4.2"
  resolved "https://registry.yarnpkg.com/bip32-path/-/bip32-path-0.4.2.tgz#5db0416ad6822712f077836e2557b8697c0c7c99"
  integrity sha1-XbBBataCJxLwd4NuJVe4aXwMfJk=

blakejs@^1.1.0:
  version "1.1.0"
  resolved "https://registry.yarnpkg.com/blakejs/-/blakejs-1.1.0.tgz#69df92ef953aa88ca51a32df6ab1c54a155fc7a5"
  integrity sha1-ad+S75U6qIylGjLfarHFShVfx6U=

bs58@^4.0.0:
  version "4.0.1"
  resolved "https://registry.yarnpkg.com/bs58/-/bs58-4.0.1.tgz#be161e76c354f6f788ae4071f63f34e8c4f0a42a"
  integrity sha1-vhYedsNU9veIrkBx9j806MTwpCo=
  dependencies:
    base-x "^3.0.2"

bs58check@^2.1.1:
  version "2.1.2"
  resolved "https://registry.yarnpkg.com/bs58check/-/bs58check-2.1.2.tgz#53b018291228d82a5aa08e7d796fdafda54aebfc"
  integrity sha512-0TS1jicxdU09dwJMNZtVAfzPi6Q6QeN0pM1Fkzrjn+XYHvzMKPU3pHVpva+769iNVSfIYWf7LJ6WR+BuuMf8cA==
  dependencies:
    bs58 "^4.0.0"
    create-hash "^1.1.0"
    safe-buffer "^5.1.2"

cipher-base@^1.0.1, cipher-base@^1.0.3:
  version "1.0.4"
  resolved "https://registry.yarnpkg.com/cipher-base/-/cipher-base-1.0.4.tgz#8760e4ecc272f4c363532f926d874aae2c1397de"
  integrity sha512-Kkht5ye6ZGmwv40uUDZztayT2ThLQGfnj/T71N/XzeZeo3nf8foyW7zGTsPYkEya3m5f3cAypH+qe7YOrM1U2Q==
  dependencies:
    inherits "^2.0.1"
    safe-buffer "^5.0.1"

commander@^2.14.1:
  version "2.20.0"
  resolved "https://registry.yarnpkg.com/commander/-/commander-2.20.0.tgz#d58bb2b5c1ee8f87b0d340027e9e94e222c5a422"
  integrity sha512-7j2y+40w61zy6YC2iRNpUe/NwhNyoXrYpHMrSunaMG64nRnaf96zO/KMQR4OyN/UnE5KLyEBnKHd4aG3rskjpQ==

create-hash@^1.1.0, create-hash@^1.1.2:
  version "1.2.0"
  resolved "https://registry.yarnpkg.com/create-hash/-/create-hash-1.2.0.tgz#889078af11a63756bcfb59bd221996be3a9ef196"
  integrity sha512-z00bCGNHDG8mHAkP7CtT1qVu+bFQUPjYq/4Iv3C3kWjTFV10zIjfSoeqXo9Asws8gwSHDGj/hl2u4OGIjapeCg==
  dependencies:
    cipher-base "^1.0.1"
    inherits "^2.0.1"
    md5.js "^1.3.4"
    ripemd160 "^2.0.1"
    sha.js "^2.4.0"

create-hmac@^1.1.4:
  version "1.1.7"
  resolved "https://registry.yarnpkg.com/create-hmac/-/create-hmac-1.1.7.tgz#69170c78b3ab957147b2b8b04572e47ead2243ff"
  integrity sha512-MJG9liiZ+ogc4TzUwuvbER1JRdgvUFSB5+VR/g5h82fGaIRWMWddtKBHi7/sVhfjQZ6SehlyhvQYrcYkaUIpLg==
  dependencies:
    cipher-base "^1.0.3"
    create-hash "^1.1.0"
    inherits "^2.0.1"
    ripemd160 "^2.0.0"
    safe-buffer "^5.0.1"
    sha.js "^2.4.8"

debug@^2.2.0:
  version "2.6.9"
  resolved "https://registry.yarnpkg.com/debug/-/debug-2.6.9.tgz#5d128515df134ff327e90a4c93f4e077a536341f"
  integrity sha512-bC7ElrdJaJnPbAP+1EotYvqZsb3ecl5wi6Bfi6BJTUcNowp6cvspg0jXznRTKDjm/E7AdgFBVeAPVMNcKGsHMA==
  dependencies:
    ms "2.0.0"

file-uri-to-path@1.0.0:
  version "1.0.0"
  resolved "https://registry.yarnpkg.com/file-uri-to-path/-/file-uri-to-path-1.0.0.tgz#553a7b8446ff6f684359c445f1e37a05dacc33dd"
  integrity sha512-0Zt+s3L7Vf1biwWZ29aARiVYLx7iMGnEUl9x33fbB/j3jR81u/O2LbqK+Bm1CDSNDKVtJ/YjwY7TUd5SkeLQLw==

follow-redirects@^1.3.0:
  version "1.14.8"
  resolved "https://registry.yarnpkg.com/follow-redirects/-/follow-redirects-1.14.8.tgz#016996fb9a11a100566398b1c6839337d7bfa8fc"
  integrity sha512-1x0S9UVJHsQprFcEC/qnNzBLcIxsjAV905f/UkQxbclCsoTWlacCNOpQa/anodLl2uaEKFhfWOvM2Qg77+15zA==

hash-base@^3.0.0:
  version "3.0.4"
  resolved "https://registry.yarnpkg.com/hash-base/-/hash-base-3.0.4.tgz#5fc8686847ecd73499403319a6b0a3f3f6ae4918"
  integrity sha1-X8hoaEfs1zSZQDMZprCj8/auSRg=
  dependencies:
    inherits "^2.0.1"
    safe-buffer "^5.0.1"

hasurl@^1.0.0:
  version "1.0.0"
  resolved "https://registry.yarnpkg.com/hasurl/-/hasurl-1.0.0.tgz#e4c619097ae1e8fc906bee904ce47e94f5e1ea37"
  integrity sha512-43ypUd3DbwyCT01UYpA99AEZxZ4aKtRxWGBHEIbjcOsUghd9YUON0C+JF6isNjaiwC/UF5neaUudy6JS9jZPZQ==

inherits@^2.0.1:
  version "2.0.3"
  resolved "https://registry.yarnpkg.com/inherits/-/inherits-2.0.3.tgz#633c2c83e3da42a502f52466022480f4208261de"
  integrity sha1-Yzwsg+PaQqUC9SRmAiSA9CCCYd4=

is-buffer@^1.1.5:
  version "1.1.6"
  resolved "https://registry.yarnpkg.com/is-buffer/-/is-buffer-1.1.6.tgz#efaa2ea9daa0d7ab2ea13a97b2b8ad51fefbe8be"
  integrity sha512-NcdALwpXkTm5Zvvbk7owOUSvVvBKDgKP5/ewfXEznmQFfs4ZRmanOeKBTjRVjka3QFoN6XJ+9F3USqfHqTaU5w==

is-typedarray@^1.0.0:
  version "1.0.0"
  resolved "https://registry.yarnpkg.com/is-typedarray/-/is-typedarray-1.0.0.tgz#e479c80858df0c1b11ddda6940f96011fcda4a9a"
  integrity sha1-5HnICFjfDBsR3dppQPlgEfzaSpo=

joi-browser@^13.4.0:
  version "13.4.0"
  resolved "https://registry.yarnpkg.com/joi-browser/-/joi-browser-13.4.0.tgz#b72ba61b610e3f58e51b563a14e0f5225cfb6896"
  integrity sha512-TfzJd2JaJ/lg/gU+q5j9rLAjnfUNF9DUmXTP9w+GfmG79LjFOXFeM7hIFuXCBcZCivUDFwd9l1btTV9rhHumtQ==

"json-bigint@github:davidyuk/json-bigint":
  version "0.3.0"
  resolved "https://codeload.github.com/davidyuk/json-bigint/tar.gz/64b099a5d8e9d1210175db0a13cfd7ab0c66d85a"
  dependencies:
    bignumber.js "^8.0.0"

libsodium-sumo@0.7.3:
  version "0.7.3"
  resolved "https://registry.yarnpkg.com/libsodium-sumo/-/libsodium-sumo-0.7.3.tgz#c38d99dc3b2c056870ca8f3ac8f1ecbb150ecbbf"
  integrity sha512-zCik0rx9XVNKMLY/t+kI6L/+LGomPx/UZ5iiU2YzCDN2K3GPxY2e0OnjJuX/W3/03fRV7W0btNOOgWpvab2P5g==

libsodium-wrappers-sumo@0.7.3:
  version "0.7.3"
  resolved "https://registry.yarnpkg.com/libsodium-wrappers-sumo/-/libsodium-wrappers-sumo-0.7.3.tgz#eeb4fc93a9802c34558e0f2ec350295ba6246fc8"
  integrity sha512-JNEZ74zu83BiPxXiYCexVOJdLaNpQTig5bC28MsPzBjzUwIDdLSabEfQNbEtODaNcqq3UlEgYa8IGvDF1jrINA==
  dependencies:
    libsodium-sumo "0.7.3"

lodash.sortby@^4.7.0:
  version "4.7.0"
  resolved "https://registry.yarnpkg.com/lodash.sortby/-/lodash.sortby-4.7.0.tgz#edd14c824e2cc9c1e0b0a1b42bb5210516a42438"
  integrity sha1-7dFMgk4sycHgsKG0K7UhBRakJDg=

md5.js@^1.3.4:
  version "1.3.5"
  resolved "https://registry.yarnpkg.com/md5.js/-/md5.js-1.3.5.tgz#b5d07b8e3216e3e27cd728d72f70d1e6a342005f"
  integrity sha512-xitP+WxNPcTTOgnTJcrhM0xvdPepipPSf3I8EIpGKeFLjt3PlJLIDG3u8EX53ZIubkb+5U2+3rELYpEhHhzdkg==
  dependencies:
    hash-base "^3.0.0"
    inherits "^2.0.1"
    safe-buffer "^5.1.2"

ms@2.0.0:
  version "2.0.0"
  resolved "https://registry.yarnpkg.com/ms/-/ms-2.0.0.tgz#5608aeadfc00be6c2901df5f9861788de0d597c8"
  integrity sha1-VgiurfwAvmwpAd9fmGF4jeDVl8g=

nan@^2.10.0, nan@^2.11.0:
  version "2.14.0"
  resolved "https://registry.yarnpkg.com/nan/-/nan-2.14.0.tgz#7818f722027b2459a86f0295d434d1fc2336c52c"
  integrity sha512-INOFj37C7k3AfaNTtX8RhsTw7qRy7eLET14cROi9+5HAVbbHuIWUHEauBv5qT4Av2tWasiTY1Jw6puUNqRJXQg==

pbkdf2@^3.0.9:
  version "3.0.17"
  resolved "https://registry.yarnpkg.com/pbkdf2/-/pbkdf2-3.0.17.tgz#976c206530617b14ebb32114239f7b09336e93a6"
  integrity sha512-U/il5MsrZp7mGg3mSQfn742na2T+1/vHDCG5/iTI3X9MKUuYUZVLQhyRsg06mCgDBTd57TxzgZt7P+fYfjRLtA==
  dependencies:
    create-hash "^1.1.2"
    create-hmac "^1.1.4"
    ripemd160 "^2.0.1"
    safe-buffer "^5.0.1"
    sha.js "^2.4.8"

punycode@^2.1.0:
  version "2.1.1"
  resolved "https://registry.yarnpkg.com/punycode/-/punycode-2.1.1.tgz#b58b010ac40c22c5657616c8d2c2c02c7bf479ec"
  integrity sha512-XRsRjdf+j5ml+y/6GKHPZbrF/8p2Yga0JPtdqTIY2Xe5ohJPD9saDJJLPvp9+NSBprVvevdXZybnj2cv8OEd0A==

ramda@^0.25.0:
  version "0.25.0"
  resolved "https://registry.yarnpkg.com/ramda/-/ramda-0.25.0.tgz#8fdf68231cffa90bc2f9460390a0cb74a29b29a9"
  integrity sha512-GXpfrYVPwx3K7RQ6aYT8KPS8XViSXUVJT1ONhoKPE9VAleW42YE+U+8VEyGWt41EnEQW7gwecYJriTI0pKoecQ==

randombytes@^2.0.1:
  version "2.1.0"
  resolved "https://registry.yarnpkg.com/randombytes/-/randombytes-2.1.0.tgz#df6f84372f0270dc65cdf6291349ab7a473d4f2a"
  integrity sha512-vYl3iOX+4CKUWuxGi9Ukhie6fsqXqS9FE2Zaic4tNFD2N2QQaXOMFbuKK4QmDHC0JO6B1Zp41J0LpT0oR68amQ==
  dependencies:
    safe-buffer "^5.1.0"

regenerator-runtime@^0.13.2:
  version "0.13.2"
  resolved "https://registry.yarnpkg.com/regenerator-runtime/-/regenerator-runtime-0.13.2.tgz#32e59c9a6fb9b1a4aff09b4930ca2d4477343447"
  integrity sha512-S/TQAZJO+D3m9xeN1WTI8dLKBBiRgXBlTJvbWjCThHWZj9EvHK70Ff50/tYj2J/fvBY6JtFVwRuazHN2E7M9BA==

ripemd160@^2.0.0, ripemd160@^2.0.1:
  version "2.0.2"
  resolved "https://registry.yarnpkg.com/ripemd160/-/ripemd160-2.0.2.tgz#a1c1a6f624751577ba5d07914cbc92850585890c"
  integrity sha512-ii4iagi25WusVoiC4B4lq7pbXfAp3D9v5CwfkY33vffw2+pkDjY1D8GaN7spsxvCSx8dkPqOZCEZyfxcmJG2IA==
  dependencies:
    hash-base "^3.0.0"
    inherits "^2.0.1"

rlp@2.1.0:
  version "2.1.0"
  resolved "https://registry.yarnpkg.com/rlp/-/rlp-2.1.0.tgz#e4f9886d5a982174f314543831e36e1a658460f9"
  integrity sha512-93U7IKH5j7nmXFVg19MeNBGzQW5uXW1pmCuKY8veeKIhYTE32C2d0mOegfiIAfXcHOKJjjPlJisn8iHDF5AezA==
  dependencies:
    safe-buffer "^5.1.1"

safe-buffer@^5.0.1, safe-buffer@^5.1.0, safe-buffer@^5.1.1, safe-buffer@^5.1.2:
  version "5.1.2"
  resolved "https://registry.yarnpkg.com/safe-buffer/-/safe-buffer-5.1.2.tgz#991ec69d296e0313747d59bdfd2b745c35f8828d"
  integrity sha512-Gd2UZBJDkXlY7GbJxfsE8/nvKkUEU1G38c1siN6QP6a9PT9MmHB8GnpscSmMJSoF8LOIrt8ud/wPtojys4G6+g==

serialize-javascript@^1.5.0:
  version "1.7.0"
  resolved "https://registry.yarnpkg.com/serialize-javascript/-/serialize-javascript-1.7.0.tgz#d6e0dfb2a3832a8c94468e6eb1db97e55a192a65"
  integrity sha512-ke8UG8ulpFOxO8f8gRYabHQe/ZntKlcig2Mp+8+URDP1D8vJZ0KUt7LYo07q25Z/+JVSgpr/cui9PIp5H6/+nA==

sha.js@^2.4.0, sha.js@^2.4.11, sha.js@^2.4.8:
  version "2.4.11"
  resolved "https://registry.yarnpkg.com/sha.js/-/sha.js-2.4.11.tgz#37a5cf0b81ecbc6943de109ba2960d1b26584ae7"
  integrity sha512-QMEp5B7cftE7APOjk5Y6xgrbWu+WkLVQwk8JNjZ8nKRciZaByEW6MubieAiToS7+dwvrjGhH8jRXz3MVd0AYqQ==
  dependencies:
    inherits "^2.0.1"
    safe-buffer "^5.0.1"

tr46@^1.0.1:
  version "1.0.1"
  resolved "https://registry.yarnpkg.com/tr46/-/tr46-1.0.1.tgz#a8b13fd6bfd2489519674ccde55ba3693b706d09"
  integrity sha1-qLE/1r/SSJUZZ0zN5VujaTtwbQk=
  dependencies:
    punycode "^2.1.0"

tweetnacl-auth@^1.0.1:
  version "1.0.1"
  resolved "https://registry.yarnpkg.com/tweetnacl-auth/-/tweetnacl-auth-1.0.1.tgz#8fcb6185f83f1d18b97c49055ed1811dceb7474b"
  integrity sha512-Qu2JonS5VUh5oJBnGsFohfel8O4gqN2QwdrsLjaZEZOU/25iIr3zU7jFOFbtOM5Wak5jiIViAqMvRvuxk9Lhmg==
  dependencies:
    tweetnacl "1.x.x"

tweetnacl@1.x.x, tweetnacl@^1.0.0:
  version "1.0.1"
  resolved "https://registry.yarnpkg.com/tweetnacl/-/tweetnacl-1.0.1.tgz#2594d42da73cd036bd0d2a54683dd35a6b55ca17"
  integrity sha512-kcoMoKTPYnoeS50tzoqjPY3Uv9axeuuFAZY9M/9zFnhoVvRfxz9K29IMPD7jGmt2c8SW7i3gT9WqDl2+nV7p4A==

typedarray-to-buffer@^3.1.5:
  version "3.1.5"
  resolved "https://registry.yarnpkg.com/typedarray-to-buffer/-/typedarray-to-buffer-3.1.5.tgz#a97ee7a9ff42691b9f783ff1bc5112fe3fca9080"
  integrity sha512-zdu8XMNEDepKKR+XYOXAVPtWui0ly0NtohUscw+UmaHiAWT8hrV1rr//H6V+0DvJ3OQ19S979M0laLfX8rm82Q==
  dependencies:
    is-typedarray "^1.0.0"

universal-url@^2.0.0:
  version "2.0.0"
  resolved "https://registry.yarnpkg.com/universal-url/-/universal-url-2.0.0.tgz#35e7fc2c3374804905cee67ea289ed3a47669809"
  integrity sha512-3DLtXdm/G1LQMCnPj+Aw7uDoleQttNHp2g5FnNQKR6cP6taNWS1b/Ehjjx4PVyvejKi3TJyu8iBraKM4q3JQPg==
  dependencies:
    hasurl "^1.0.0"
    whatwg-url "^7.0.0"

uuid@^3.3.2:
  version "3.3.2"
  resolved "https://registry.yarnpkg.com/uuid/-/uuid-3.3.2.tgz#1b4af4955eb3077c501c23872fc6513811587131"
  integrity sha512-yXJmeNaw3DnnKAOKJE51sL/ZaYfWJRl1pK9dr19YFCu0ObS231AB1/LbqTKRAQ5kw8A90rA6fr4riOUpTZvQZA==

webidl-conversions@^4.0.2:
  version "4.0.2"
  resolved "https://registry.yarnpkg.com/webidl-conversions/-/webidl-conversions-4.0.2.tgz#a855980b1f0b6b359ba1d5d9fb39ae941faa63ad"
  integrity sha512-YQ+BmxuTgd6UXZW3+ICGfyqRyHXVlD5GtQr5+qjiNW7bF0cqrzX500HVXPBOvgXb5YnzDd+h0zqyv61KUD7+Sg==

websocket@^1.0.26:
  version "1.0.28"
  resolved "https://registry.yarnpkg.com/websocket/-/websocket-1.0.28.tgz#9e5f6fdc8a3fe01d4422647ef93abdd8d45a78d3"
  integrity sha512-00y/20/80P7H4bCYkzuuvvfDvh+dgtXi5kzDf3UcZwN6boTYaKvsrtZ5lIYm1Gsg48siMErd9M4zjSYfYFHTrA==
  dependencies:
    debug "^2.2.0"
    nan "^2.11.0"
    typedarray-to-buffer "^3.1.5"
    yaeti "^0.0.6"

whatwg-url@^7.0.0:
  version "7.0.0"
  resolved "https://registry.yarnpkg.com/whatwg-url/-/whatwg-url-7.0.0.tgz#fde926fa54a599f3adf82dff25a9f7be02dc6edd"
  integrity sha512-37GeVSIJ3kn1JgKyjiYNmSLP1yzbpb29jdmwBSgkD9h40/hyrR/OifpVUndji3tmwGgD8qpw7iQu3RSbCrBpsQ==
  dependencies:
    lodash.sortby "^4.7.0"
    tr46 "^1.0.1"
    webidl-conversions "^4.0.2"

yaeti@^0.0.6:
  version "0.0.6"
  resolved "https://registry.yarnpkg.com/yaeti/-/yaeti-0.0.6.tgz#f26f484d72684cf42bedfb76970aa1608fbf9577"
  integrity sha1-8m9ITXJoTPQr7ft2lwqhYI+/lXc=
